// !$*UTF8*$!
{
	archiveVersion = 1;
	classes = {
	};
	objectVersion = 56;
	objects = {

/* Begin PBXBuildFile section */
		DDC944582AB2D79F00ED9B6D /* SwiftUI_Tutorial_QRCodeScannerApp.swift in Sources */ = {isa = PBXBuildFile; fileRef = DDC944572AB2D79F00ED9B6D /* SwiftUI_Tutorial_QRCodeScannerApp.swift */; };
		DDC9445C2AB2D7A000ED9B6D /* Assets.xcassets in Resources */ = {isa = PBXBuildFile; fileRef = DDC9445B2AB2D7A000ED9B6D /* Assets.xcassets */; };
		DDC9445F2AB2D7A000ED9B6D /* Preview Assets.xcassets in Resources */ = {isa = PBXBuildFile; fileRef = DDC9445E2AB2D7A000ED9B6D /* Preview Assets.xcassets */; };
		DDC944662AB2D7C700ED9B6D /* WebView.swift in Sources */ = {isa = PBXBuildFile; fileRef = DDC944652AB2D7C700ED9B6D /* WebView.swift */; };
		DDC944682AB2F4CB00ED9B6D /* QRCodeScannerExampleView.swift in Sources */ = {isa = PBXBuildFile; fileRef = DDC944672AB2F4CB00ED9B6D /* QRCodeScannerExampleView.swift */; };
		DDC9446B2AB2F8AA00ED9B6D /* CodeScanner in Frameworks */ = {isa = PBXBuildFile; productRef = DDC9446A2AB2F8AA00ED9B6D /* CodeScanner */; };
		DDC9446E2AB30E6800ED9B6D /* QRCodeGuideLineView.swift in Sources */ = {isa = PBXBuildFile; fileRef = DDC9446D2AB30E6800ED9B6D /* QRCodeGuideLineView.swift */; };
/* End PBXBuildFile section */

/* Begin PBXFileReference section */
		DDC944542AB2D79F00ED9B6D /* SwiftUI-Tutorial-QRCodeScanner.app */ = {isa = PBXFileReference; explicitFileType = wrapper.application; includeInIndex = 0; path = "SwiftUI-Tutorial-QRCodeScanner.app"; sourceTree = BUILT_PRODUCTS_DIR; };
		DDC944572AB2D79F00ED9B6D /* SwiftUI_Tutorial_QRCodeScannerApp.swift */ = {isa = PBXFileReference; lastKnownFileType = sourcecode.swift; path = SwiftUI_Tutorial_QRCodeScannerApp.swift; sourceTree = "<group>"; };
		DDC9445B2AB2D7A000ED9B6D /* Assets.xcassets */ = {isa = PBXFileReference; lastKnownFileType = folder.assetcatalog; path = Assets.xcassets; sourceTree = "<group>"; };
		DDC9445E2AB2D7A000ED9B6D /* Preview Assets.xcassets */ = {isa = PBXFileReference; lastKnownFileType = folder.assetcatalog; path = "Preview Assets.xcassets"; sourceTree = "<group>"; };
		DDC944652AB2D7C700ED9B6D /* WebView.swift */ = {isa = PBXFileReference; lastKnownFileType = sourcecode.swift; path = WebView.swift; sourceTree = "<group>"; };
		DDC944672AB2F4CB00ED9B6D /* QRCodeScannerExampleView.swift */ = {isa = PBXFileReference; lastKnownFileType = sourcecode.swift; path = QRCodeScannerExampleView.swift; sourceTree = "<group>"; };
		DDC9446C2AB30BA200ED9B6D /* Info.plist */ = {isa = PBXFileReference; lastKnownFileType = text.plist; path = Info.plist; sourceTree = "<group>"; };
		DDC9446D2AB30E6800ED9B6D /* QRCodeGuideLineView.swift */ = {isa = PBXFileReference; lastKnownFileType = sourcecode.swift; path = QRCodeGuideLineView.swift; sourceTree = "<group>"; };
/* End PBXFileReference section */

/* Begin PBXFrameworksBuildPhase section */
		DDC944512AB2D79F00ED9B6D /* Frameworks */ = {
			isa = PBXFrameworksBuildPhase;
			buildActionMask = 2147483647;
			files = (
				DDC9446B2AB2F8AA00ED9B6D /* CodeScanner in Frameworks */,
			);
			runOnlyForDeploymentPostprocessing = 0;
		};
/* End PBXFrameworksBuildPhase section */

/* Begin PBXGroup section */
		DDC9444B2AB2D79F00ED9B6D = {
			isa = PBXGroup;
			children = (
				DDC944562AB2D79F00ED9B6D /* SwiftUI-Tutorial-QRCodeScanner */,
				DDC944552AB2D79F00ED9B6D /* Products */,
			);
			sourceTree = "<group>";
		};
		DDC944552AB2D79F00ED9B6D /* Products */ = {
			isa = PBXGroup;
			children = (
				DDC944542AB2D79F00ED9B6D /* SwiftUI-Tutorial-QRCodeScanner.app */,
			);
			name = Products;
			sourceTree = "<group>";
		};
		DDC944562AB2D79F00ED9B6D /* SwiftUI-Tutorial-QRCodeScanner */ = {
			isa = PBXGroup;
			children = (
				DDC9446C2AB30BA200ED9B6D /* Info.plist */,
				DDC944572AB2D79F00ED9B6D /* SwiftUI_Tutorial_QRCodeScannerApp.swift */,
				DDC944652AB2D7C700ED9B6D /* WebView.swift */,
				DDC944672AB2F4CB00ED9B6D /* QRCodeScannerExampleView.swift */,
				DDC9446D2AB30E6800ED9B6D /* QRCodeGuideLineView.swift */,
				DDC9445B2AB2D7A000ED9B6D /* Assets.xcassets */,
				DDC9445D2AB2D7A000ED9B6D /* Preview Content */,
			);
			path = "SwiftUI-Tutorial-QRCodeScanner";
			sourceTree = "<group>";
		};
		DDC9445D2AB2D7A000ED9B6D /* Preview Content */ = {
			isa = PBXGroup;
			children = (
				DDC9445E2AB2D7A000ED9B6D /* Preview Assets.xcassets */,
			);
			path = "Preview Content";
			sourceTree = "<group>";
		};
/* End PBXGroup section */

/* Begin PBXNativeTarget section */
		DDC944532AB2D79F00ED9B6D /* SwiftUI-Tutorial-QRCodeScanner */ = {
			isa = PBXNativeTarget;
			buildConfigurationList = DDC944622AB2D7A000ED9B6D /* Build configuration list for PBXNativeTarget "SwiftUI-Tutorial-QRCodeScanner" */;
			buildPhases = (
				DDC944502AB2D79F00ED9B6D /* Sources */,
				DDC944512AB2D79F00ED9B6D /* Frameworks */,
				DDC944522AB2D79F00ED9B6D /* Resources */,
			);
			buildRules = (
			);
			dependencies = (
			);
			name = "SwiftUI-Tutorial-QRCodeScanner";
			packageProductDependencies = (
				DDC9446A2AB2F8AA00ED9B6D /* CodeScanner */,
			);
			productName = "SwiftUI-Tutorial-QRCodeScanner";
			productReference = DDC944542AB2D79F00ED9B6D /* SwiftUI-Tutorial-QRCodeScanner.app */;
			productType = "com.apple.product-type.application";
		};
/* End PBXNativeTarget section */

/* Begin PBXProject section */
		DDC9444C2AB2D79F00ED9B6D /* Project object */ = {
			isa = PBXProject;
			attributes = {
				BuildIndependentTargetsInParallel = 1;
				LastSwiftUpdateCheck = 1430;
				LastUpgradeCheck = 1430;
				TargetAttributes = {
					DDC944532AB2D79F00ED9B6D = {
						CreatedOnToolsVersion = 14.3.1;
					};
				};
			};
			buildConfigurationList = DDC9444F2AB2D79F00ED9B6D /* Build configuration list for PBXProject "SwiftUI-Tutorial-QRCodeScanner" */;
			compatibilityVersion = "Xcode 14.0";
			developmentRegion = en;
			hasScannedForEncodings = 0;
			knownRegions = (
				en,
				Base,
			);
			mainGroup = DDC9444B2AB2D79F00ED9B6D;
			packageReferences = (
				DDC944692AB2F8AA00ED9B6D /* XCRemoteSwiftPackageReference "CodeScanner" */,
			);
			productRefGroup = DDC944552AB2D79F00ED9B6D /* Products */;
			projectDirPath = "";
			projectRoot = "";
			targets = (
				DDC944532AB2D79F00ED9B6D /* SwiftUI-Tutorial-QRCodeScanner */,
			);
		};
/* End PBXProject section */

/* Begin PBXResourcesBuildPhase section */
		DDC944522AB2D79F00ED9B6D /* Resources */ = {
			isa = PBXResourcesBuildPhase;
			buildActionMask = 2147483647;
			files = (
				DDC9445F2AB2D7A000ED9B6D /* Preview Assets.xcassets in Resources */,
				DDC9445C2AB2D7A000ED9B6D /* Assets.xcassets in Resources */,
			);
			runOnlyForDeploymentPostprocessing = 0;
		};
/* End PBXResourcesBuildPhase section */

/* Begin PBXSourcesBuildPhase section */
		DDC944502AB2D79F00ED9B6D /* Sources */ = {
			isa = PBXSourcesBuildPhase;
			buildActionMask = 2147483647;
			files = (
				DDC944682AB2F4CB00ED9B6D /* QRCodeScannerExampleView.swift in Sources */,
				DDC944662AB2D7C700ED9B6D /* WebView.swift in Sources */,
				DDC944582AB2D79F00ED9B6D /* SwiftUI_Tutorial_QRCodeScannerApp.swift in Sources */,
				DDC9446E2AB30E6800ED9B6D /* QRCodeGuideLineView.swift in Sources */,
			);
			runOnlyForDeploymentPostprocessing = 0;
		};
/* End PBXSourcesBuildPhase section */

/* Begin XCBuildConfiguration section */
		DDC944602AB2D7A000ED9B6D /* Debug */ = {
			isa = XCBuildConfiguration;
			buildSettings = {
				ALWAYS_SEARCH_USER_PATHS = NO;
				CLANG_ANALYZER_NONNULL = YES;
				CLANG_ANALYZER_NUMBER_OBJECT_CONVERSION = YES_AGGRESSIVE;
				CLANG_CXX_LANGUAGE_STANDARD = "gnu++20";
				CLANG_ENABLE_MODULES = YES;
				CLANG_ENABLE_OBJC_ARC = YES;
				CLANG_ENABLE_OBJC_WEAK = YES;
				CLANG_WARN_BLOCK_CAPTURE_AUTORELEASING = YES;
				CLANG_WARN_BOOL_CONVERSION = YES;
				CLANG_WARN_COMMA = YES;
				CLANG_WARN_CONSTANT_CONVERSION = YES;
				CLANG_WARN_DEPRECATED_OBJC_IMPLEMENTATIONS = YES;
				CLANG_WARN_DIRECT_OBJC_ISA_USAGE = YES_ERROR;
				CLANG_WARN_DOCUMENTATION_COMMENTS = YES;
				CLANG_WARN_EMPTY_BODY = YES;
				CLANG_WARN_ENUM_CONVERSION = YES;
				CLANG_WARN_INFINITE_RECURSION = YES;
				CLANG_WARN_INT_CONVERSION = YES;
				CLANG_WARN_NON_LITERAL_NULL_CONVERSION = YES;
				CLANG_WARN_OBJC_IMPLICIT_RETAIN_SELF = YES;
				CLANG_WARN_OBJC_LITERAL_CONVERSION = YES;
				CLANG_WARN_OBJC_ROOT_CLASS = YES_ERROR;
				CLANG_WARN_QUOTED_INCLUDE_IN_FRAMEWORK_HEADER = YES;
				CLANG_WARN_RANGE_LOOP_ANALYSIS = YES;
				CLANG_WARN_STRICT_PROTOTYPES = YES;
				CLANG_WARN_SUSPICIOUS_MOVE = YES;
				CLANG_WARN_UNGUARDED_AVAILABILITY = YES_AGGRESSIVE;
				CLANG_WARN_UNREACHABLE_CODE = YES;
				CLANG_WARN__DUPLICATE_METHOD_MATCH = YES;
				COPY_PHASE_STRIP = NO;
				DEBUG_INFORMATION_FORMAT = dwarf;
				ENABLE_STRICT_OBJC_MSGSEND = YES;
				ENABLE_TESTABILITY = YES;
				GCC_C_LANGUAGE_STANDARD = gnu11;
				GCC_DYNAMIC_NO_PIC = NO;
				GCC_NO_COMMON_BLOCKS = YES;
				GCC_OPTIMIZATION_LEVEL = 0;
				GCC_PREPROCESSOR_DEFINITIONS = (
					"DEBUG=1",
					"$(inherited)",
				);
				GCC_WARN_64_TO_32_BIT_CONVERSION = YES;
				GCC_WARN_ABOUT_RETURN_TYPE = YES_ERROR;
				GCC_WARN_UNDECLARED_SELECTOR = YES;
				GCC_WARN_UNINITIALIZED_AUTOS = YES_AGGRESSIVE;
				GCC_WARN_UNUSED_FUNCTION = YES;
				GCC_WARN_UNUSED_VARIABLE = YES;
				IPHONEOS_DEPLOYMENT_TARGET = 16.4;
				MTL_ENABLE_DEBUG_INFO = INCLUDE_SOURCE;
				MTL_FAST_MATH = YES;
				ONLY_ACTIVE_ARCH = YES;
				SDKROOT = iphoneos;
				SWIFT_ACTIVE_COMPILATION_CONDITIONS = DEBUG;
				SWIFT_OPTIMIZATION_LEVEL = "-Onone";
			};
			name = Debug;
		};
		DDC944612AB2D7A000ED9B6D /* Release */ = {
			isa = XCBuildConfiguration;
			buildSettings = {
				ALWAYS_SEARCH_USER_PATHS = NO;
				CLANG_ANALYZER_NONNULL = YES;
				CLANG_ANALYZER_NUMBER_OBJECT_CONVERSION = YES_AGGRESSIVE;
				CLANG_CXX_LANGUAGE_STANDARD = "gnu++20";
				CLANG_ENABLE_MODULES = YES;
				CLANG_ENABLE_OBJC_ARC = YES;
				CLANG_ENABLE_OBJC_WEAK = YES;
				CLANG_WARN_BLOCK_CAPTURE_AUTORELEASING = YES;
				CLANG_WARN_BOOL_CONVERSION = YES;
				CLANG_WARN_COMMA = YES;
				CLANG_WARN_CONSTANT_CONVERSION = YES;
				CLANG_WARN_DEPRECATED_OBJC_IMPLEMENTATIONS = YES;
				CLANG_WARN_DIRECT_OBJC_ISA_USAGE = YES_ERROR;
				CLANG_WARN_DOCUMENTATION_COMMENTS = YES;
				CLANG_WARN_EMPTY_BODY = YES;
				CLANG_WARN_ENUM_CONVERSION = YES;
				CLANG_WARN_INFINITE_RECURSION = YES;
				CLANG_WARN_INT_CONVERSION = YES;
				CLANG_WARN_NON_LITERAL_NULL_CONVERSION = YES;
				CLANG_WARN_OBJC_IMPLICIT_RETAIN_SELF = YES;
				CLANG_WARN_OBJC_LITERAL_CONVERSION = YES;
				CLANG_WARN_OBJC_ROOT_CLASS = YES_ERROR;
				CLANG_WARN_QUOTED_INCLUDE_IN_FRAMEWORK_HEADER = YES;
				CLANG_WARN_RANGE_LOOP_ANALYSIS = YES;
				CLANG_WARN_STRICT_PROTOTYPES = YES;
				CLANG_WARN_SUSPICIOUS_MOVE = YES;
				CLANG_WARN_UNGUARDED_AVAILABILITY = YES_AGGRESSIVE;
				CLANG_WARN_UNREACHABLE_CODE = YES;
				CLANG_WARN__DUPLICATE_METHOD_MATCH = YES;
				COPY_PHASE_STRIP = NO;
				DEBUG_INFORMATION_FORMAT = "dwarf-with-dsym";
				ENABLE_NS_ASSERTIONS = NO;
				ENABLE_STRICT_OBJC_MSGSEND = YES;
				GCC_C_LANGUAGE_STANDARD = gnu11;
				GCC_NO_COMMON_BLOCKS = YES;
				GCC_WARN_64_TO_32_BIT_CONVERSION = YES;
				GCC_WARN_ABOUT_RETURN_TYPE = YES_ERROR;
				GCC_WARN_UNDECLARED_SELECTOR = YES;
				GCC_WARN_UNINITIALIZED_AUTOS = YES_AGGRESSIVE;
				GCC_WARN_UNUSED_FUNCTION = YES;
				GCC_WARN_UNUSED_VARIABLE = YES;
				IPHONEOS_DEPLOYMENT_TARGET = 16.4;
				MTL_ENABLE_DEBUG_INFO = NO;
				MTL_FAST_MATH = YES;
				SDKROOT = iphoneos;
				SWIFT_COMPILATION_MODE = wholemodule;
				SWIFT_OPTIMIZATION_LEVEL = "-O";
				VALIDATE_PRODUCT = YES;
			};
			name = Release;
		};
		DDC944632AB2D7A000ED9B6D /* Debug */ = {
			isa = XCBuildConfiguration;
			buildSettings = {
				ASSETCATALOG_COMPILER_APPICON_NAME = AppIcon;
				ASSETCATALOG_COMPILER_GLOBAL_ACCENT_COLOR_NAME = AccentColor;
				CODE_SIGN_STYLE = Automatic;
				CURRENT_PROJECT_VERSION = 1;
				DEVELOPMENT_ASSET_PATHS = "\"SwiftUI-Tutorial-QRCodeScanner/Preview Content\"";
				DEVELOPMENT_TEAM = X55X2695H3;
				ENABLE_PREVIEWS = YES;
				GENERATE_INFOPLIST_FILE = YES;
				INFOPLIST_FILE = "SwiftUI-Tutorial-QRCodeScanner/Info.plist";
				INFOPLIST_KEY_NSCameraUsageDescription = "QR 코드 스캔을 위해 카메라 권한 설정이 필요합니다.";
				INFOPLIST_KEY_UIApplicationSceneManifest_Generation = YES;
				INFOPLIST_KEY_UIApplicationSupportsIndirectInputEvents = YES;
				INFOPLIST_KEY_UILaunchScreen_Generation = YES;
				INFOPLIST_KEY_UISupportedInterfaceOrientations_iPad = "UIInterfaceOrientationPortrait UIInterfaceOrientationPortraitUpsideDown UIInterfaceOrientationLandscapeLeft UIInterfaceOrientationLandscapeRight";
				INFOPLIST_KEY_UISupportedInterfaceOrientations_iPhone = "UIInterfaceOrientationPortrait UIInterfaceOrientationLandscapeLeft UIInterfaceOrientationLandscapeRight";
				LD_RUNPATH_SEARCH_PATHS = (
					"$(inherited)",
					"@executable_path/Frameworks",
				);
				MARKETING_VERSION = 1.0;
				PRODUCT_BUNDLE_IDENTIFIER = "com.SamSung.SwiftUI-Tutorial-QRCodeScanner";
				PRODUCT_NAME = "$(TARGET_NAME)";
				SUPPORTED_PLATFORMS = "iphoneos iphonesimulator";
				SUPPORTS_MACCATALYST = NO;
				SUPPORTS_MAC_DESIGNED_FOR_IPHONE_IPAD = NO;
				SWIFT_EMIT_LOC_STRINGS = YES;
				SWIFT_VERSION = 5.0;
				TARGETED_DEVICE_FAMILY = 1;
			};
			name = Debug;
		};
		DDC944642AB2D7A000ED9B6D /* Release */ = {
			isa = XCBuildConfiguration;
			buildSettings = {
				ASSETCATALOG_COMPILER_APPICON_NAME = AppIcon;
				ASSETCATALOG_COMPILER_GLOBAL_ACCENT_COLOR_NAME = AccentColor;
				CODE_SIGN_STYLE = Automatic;
				CURRENT_PROJECT_VERSION = 1;
				DEVELOPMENT_ASSET_PATHS = "\"SwiftUI-Tutorial-QRCodeScanner/Preview Content\"";
				DEVELOPMENT_TEAM = X55X2695H3;
				ENABLE_PREVIEWS = YES;
				GENERATE_INFOPLIST_FILE = YES;
				INFOPLIST_FILE = "SwiftUI-Tutorial-QRCodeScanner/Info.plist";
				INFOPLIST_KEY_NSCameraUsageDescription = "QR 코드 스캔을 위해 카메라 권한 설정이 필요합니다.";
				INFOPLIST_KEY_UIApplicationSceneManifest_Generation = YES;
				INFOPLIST_KEY_UIApplicationSupportsIndirectInputEvents = YES;
				INFOPLIST_KEY_UILaunchScreen_Generation = YES;
				INFOPLIST_KEY_UISupportedInterfaceOrientations_iPad = "UIInterfaceOrientationPortrait UIInterfaceOrientationPortraitUpsideDown UIInterfaceOrientationLandscapeLeft UIInterfaceOrientationLandscapeRight";
				INFOPLIST_KEY_UISupportedInterfaceOrientations_iPhone = "UIInterfaceOrientationPortrait UIInterfaceOrientationLandscapeLeft UIInterfaceOrientationLandscapeRight";
				LD_RUNPATH_SEARCH_PATHS = (
					"$(inherited)",
					"@executable_path/Frameworks",
				);
				MARKETING_VERSION = 1.0;
				PRODUCT_BUNDLE_IDENTIFIER = "com.SamSung.SwiftUI-Tutorial-QRCodeScanner";
				PRODUCT_NAME = "$(TARGET_NAME)";
				SUPPORTED_PLATFORMS = "iphoneos iphonesimulator";
				SUPPORTS_MACCATALYST = NO;
				SUPPORTS_MAC_DESIGNED_FOR_IPHONE_IPAD = NO;
				SWIFT_EMIT_LOC_STRINGS = YES;
				SWIFT_VERSION = 5.0;
				TARGETED_DEVICE_FAMILY = 1;
			};
			name = Release;
		};
/* End XCBuildConfiguration section */

/* Begin XCConfigurationList section */
		DDC9444F2AB2D79F00ED9B6D /* Build configuration list for PBXProject "SwiftUI-Tutorial-QRCodeScanner" */ = {
			isa = XCConfigurationList;
			buildConfigurations = (
				DDC944602AB2D7A000ED9B6D /* Debug */,
				DDC944612AB2D7A000ED9B6D /* Release */,
			);
			defaultConfigurationIsVisible = 0;
			defaultConfigurationName = Release;
		};
		DDC944622AB2D7A000ED9B6D /* Build configuration list for PBXNativeTarget "SwiftUI-Tutorial-QRCodeScanner" */ = {
			isa = XCConfigurationList;
			buildConfigurations = (
				DDC944632AB2D7A000ED9B6D /* Debug */,
				DDC944642AB2D7A000ED9B6D /* Release */,
			);
			defaultConfigurationIsVisible = 0;
			defaultConfigurationName = Release;
		};
/* End XCConfigurationList section */

/* Begin XCRemoteSwiftPackageReference section */
		DDC944692AB2F8AA00ED9B6D /* XCRemoteSwiftPackageReference "CodeScanner" */ = {
			isa = XCRemoteSwiftPackageReference;
			repositoryURL = "https://github.com/twostraws/CodeScanner.git";
			requirement = {
				kind = upToNextMajorVersion;
				minimumVersion = 2.0.0;
			};
		};
/* End XCRemoteSwiftPackageReference section */

/* Begin XCSwiftPackageProductDependency section */
		DDC9446A2AB2F8AA00ED9B6D /* CodeScanner */ = {
			isa = XCSwiftPackageProductDependency;
			package = DDC944692AB2F8AA00ED9B6D /* XCRemoteSwiftPackageReference "CodeScanner" */;
			productName = CodeScanner;
		};
/* End XCSwiftPackageProductDependency section */
	};
	rootObject = DDC9444C2AB2D79F00ED9B6D /* Project object */;
}
