// !$*UTF8*$!
{
	archiveVersion = 1;
	classes = {
	};
	objectVersion = 56;
	objects = {

/* Begin PBXBuildFile section */
		DD16DCA32AB066CF0021B4AE /* BasicCard.swift in Sources */ = {isa = PBXBuildFile; fileRef = DD16DCA22AB066CF0021B4AE /* BasicCard.swift */; };
		DD88F66D2AAEE2FF00F37CD8 /* SwiftUI_Tutorial_StackApp.swift in Sources */ = {isa = PBXBuildFile; fileRef = DD88F66C2AAEE2FF00F37CD8 /* SwiftUI_Tutorial_StackApp.swift */; };
		DD88F66F2AAEE2FF00F37CD8 /* ContentView.swift in Sources */ = {isa = PBXBuildFile; fileRef = DD88F66E2AAEE2FF00F37CD8 /* ContentView.swift */; };
		DD88F6712AAEE30000F37CD8 /* Assets.xcassets in Resources */ = {isa = PBXBuildFile; fileRef = DD88F6702AAEE30000F37CD8 /* Assets.xcassets */; };
		DD88F6742AAEE30000F37CD8 /* Preview Assets.xcassets in Resources */ = {isa = PBXBuildFile; fileRef = DD88F6732AAEE30000F37CD8 /* Preview Assets.xcassets */; };
		DD88F67B2AAEE93500F37CD8 /* PersonalCard.swift in Sources */ = {isa = PBXBuildFile; fileRef = DD88F67A2AAEE93500F37CD8 /* PersonalCard.swift */; };
		DD88F67D2AAEEA2400F37CD8 /* PersonImage.swift in Sources */ = {isa = PBXBuildFile; fileRef = DD88F67C2AAEEA2400F37CD8 /* PersonImage.swift */; };
/* End PBXBuildFile section */

/* Begin PBXFileReference section */
		DD16DCA22AB066CF0021B4AE /* BasicCard.swift */ = {isa = PBXFileReference; lastKnownFileType = sourcecode.swift; path = BasicCard.swift; sourceTree = "<group>"; };
		DD88F6692AAEE2FF00F37CD8 /* SwiftUI-Tutorial-Stack.app */ = {isa = PBXFileReference; explicitFileType = wrapper.application; includeInIndex = 0; path = "SwiftUI-Tutorial-Stack.app"; sourceTree = BUILT_PRODUCTS_DIR; };
		DD88F66C2AAEE2FF00F37CD8 /* SwiftUI_Tutorial_StackApp.swift */ = {isa = PBXFileReference; lastKnownFileType = sourcecode.swift; path = SwiftUI_Tutorial_StackApp.swift; sourceTree = "<group>"; };
		DD88F66E2AAEE2FF00F37CD8 /* ContentView.swift */ = {isa = PBXFileReference; lastKnownFileType = sourcecode.swift; path = ContentView.swift; sourceTree = "<group>"; };
		DD88F6702AAEE30000F37CD8 /* Assets.xcassets */ = {isa = PBXFileReference; lastKnownFileType = folder.assetcatalog; path = Assets.xcassets; sourceTree = "<group>"; };
		DD88F6732AAEE30000F37CD8 /* Preview Assets.xcassets */ = {isa = PBXFileReference; lastKnownFileType = folder.assetcatalog; path = "Preview Assets.xcassets"; sourceTree = "<group>"; };
		DD88F67A2AAEE93500F37CD8 /* PersonalCard.swift */ = {isa = PBXFileReference; lastKnownFileType = sourcecode.swift; path = PersonalCard.swift; sourceTree = "<group>"; };
		DD88F67C2AAEEA2400F37CD8 /* PersonImage.swift */ = {isa = PBXFileReference; lastKnownFileType = sourcecode.swift; path = PersonImage.swift; sourceTree = "<group>"; };
/* End PBXFileReference section */

/* Begin PBXFrameworksBuildPhase section */
		DD88F6662AAEE2FF00F37CD8 /* Frameworks */ = {
			isa = PBXFrameworksBuildPhase;
			buildActionMask = 2147483647;
			files = (
			);
			runOnlyForDeploymentPostprocessing = 0;
		};
/* End PBXFrameworksBuildPhase section */

/* Begin PBXGroup section */
		DD88F6602AAEE2FF00F37CD8 = {
			isa = PBXGroup;
			children = (
				DD88F66B2AAEE2FF00F37CD8 /* SwiftUI-Tutorial-Stack */,
				DD88F66A2AAEE2FF00F37CD8 /* Products */,
			);
			sourceTree = "<group>";
		};
		DD88F66A2AAEE2FF00F37CD8 /* Products */ = {
			isa = PBXGroup;
			children = (
				DD88F6692AAEE2FF00F37CD8 /* SwiftUI-Tutorial-Stack.app */,
			);
			name = Products;
			sourceTree = "<group>";
		};
		DD88F66B2AAEE2FF00F37CD8 /* SwiftUI-Tutorial-Stack */ = {
			isa = PBXGroup;
			children = (
				DD88F66C2AAEE2FF00F37CD8 /* SwiftUI_Tutorial_StackApp.swift */,
				DD88F66E2AAEE2FF00F37CD8 /* ContentView.swift */,
				DD88F67A2AAEE93500F37CD8 /* PersonalCard.swift */,
				DD16DCA22AB066CF0021B4AE /* BasicCard.swift */,
				DD88F67C2AAEEA2400F37CD8 /* PersonImage.swift */,
				DD88F6702AAEE30000F37CD8 /* Assets.xcassets */,
				DD88F6722AAEE30000F37CD8 /* Preview Content */,
			);
			path = "SwiftUI-Tutorial-Stack";
			sourceTree = "<group>";
		};
		DD88F6722AAEE30000F37CD8 /* Preview Content */ = {
			isa = PBXGroup;
			children = (
				DD88F6732AAEE30000F37CD8 /* Preview Assets.xcassets */,
			);
			path = "Preview Content";
			sourceTree = "<group>";
		};
/* End PBXGroup section */

/* Begin PBXNativeTarget section */
		DD88F6682AAEE2FF00F37CD8 /* SwiftUI-Tutorial-Stack */ = {
			isa = PBXNativeTarget;
			buildConfigurationList = DD88F6772AAEE30000F37CD8 /* Build configuration list for PBXNativeTarget "SwiftUI-Tutorial-Stack" */;
			buildPhases = (
				DD88F6652AAEE2FF00F37CD8 /* Sources */,
				DD88F6662AAEE2FF00F37CD8 /* Frameworks */,
				DD88F6672AAEE2FF00F37CD8 /* Resources */,
			);
			buildRules = (
			);
			dependencies = (
			);
			name = "SwiftUI-Tutorial-Stack";
			productName = "SwiftUI-Tutorial-Stack";
			productReference = DD88F6692AAEE2FF00F37CD8 /* SwiftUI-Tutorial-Stack.app */;
			productType = "com.apple.product-type.application";
		};
/* End PBXNativeTarget section */

/* Begin PBXProject section */
		DD88F6612AAEE2FF00F37CD8 /* Project object */ = {
			isa = PBXProject;
			attributes = {
				BuildIndependentTargetsInParallel = 1;
				LastSwiftUpdateCheck = 1430;
				LastUpgradeCheck = 1430;
				TargetAttributes = {
					DD88F6682AAEE2FF00F37CD8 = {
						CreatedOnToolsVersion = 14.3.1;
					};
				};
			};
			buildConfigurationList = DD88F6642AAEE2FF00F37CD8 /* Build configuration list for PBXProject "SwiftUI-Tutorial-Stack" */;
			compatibilityVersion = "Xcode 14.0";
			developmentRegion = en;
			hasScannedForEncodings = 0;
			knownRegions = (
				en,
				Base,
			);
			mainGroup = DD88F6602AAEE2FF00F37CD8;
			productRefGroup = DD88F66A2AAEE2FF00F37CD8 /* Products */;
			projectDirPath = "";
			projectRoot = "";
			targets = (
				DD88F6682AAEE2FF00F37CD8 /* SwiftUI-Tutorial-Stack */,
			);
		};
/* End PBXProject section */

/* Begin PBXResourcesBuildPhase section */
		DD88F6672AAEE2FF00F37CD8 /* Resources */ = {
			isa = PBXResourcesBuildPhase;
			buildActionMask = 2147483647;
			files = (
				DD88F6742AAEE30000F37CD8 /* Preview Assets.xcassets in Resources */,
				DD88F6712AAEE30000F37CD8 /* Assets.xcassets in Resources */,
			);
			runOnlyForDeploymentPostprocessing = 0;
		};
/* End PBXResourcesBuildPhase section */

/* Begin PBXSourcesBuildPhase section */
		DD88F6652AAEE2FF00F37CD8 /* Sources */ = {
			isa = PBXSourcesBuildPhase;
			buildActionMask = 2147483647;
			files = (
				DD88F66F2AAEE2FF00F37CD8 /* ContentView.swift in Sources */,
				DD16DCA32AB066CF0021B4AE /* BasicCard.swift in Sources */,
				DD88F67B2AAEE93500F37CD8 /* PersonalCard.swift in Sources */,
				DD88F67D2AAEEA2400F37CD8 /* PersonImage.swift in Sources */,
				DD88F66D2AAEE2FF00F37CD8 /* SwiftUI_Tutorial_StackApp.swift in Sources */,
			);
			runOnlyForDeploymentPostprocessing = 0;
		};
/* End PBXSourcesBuildPhase section */

/* Begin XCBuildConfiguration section */
		DD88F6752AAEE30000F37CD8 /* Debug */ = {
			isa = XCBuildConfiguration;
			buildSettings = {
				ALWAYS_SEARCH_USER_PATHS = NO;
				CLANG_ANALYZER_NONNULL = YES;
				CLANG_ANALYZER_NUMBER_OBJECT_CONVERSION = YES_AGGRESSIVE;
				CLANG_CXX_LANGUAGE_STANDARD = "gnu++20";
				CLANG_ENABLE_MODULES = YES;
				CLANG_ENABLE_OBJC_ARC = YES;
				CLANG_ENABLE_OBJC_WEAK = YES;
				CLANG_WARN_BLOCK_CAPTURE_AUTORELEASING = YES;
				CLANG_WARN_BOOL_CONVERSION = YES;
				CLANG_WARN_COMMA = YES;
				CLANG_WARN_CONSTANT_CONVERSION = YES;
				CLANG_WARN_DEPRECATED_OBJC_IMPLEMENTATIONS = YES;
				CLANG_WARN_DIRECT_OBJC_ISA_USAGE = YES_ERROR;
				CLANG_WARN_DOCUMENTATION_COMMENTS = YES;
				CLANG_WARN_EMPTY_BODY = YES;
				CLANG_WARN_ENUM_CONVERSION = YES;
				CLANG_WARN_INFINITE_RECURSION = YES;
				CLANG_WARN_INT_CONVERSION = YES;
				CLANG_WARN_NON_LITERAL_NULL_CONVERSION = YES;
				CLANG_WARN_OBJC_IMPLICIT_RETAIN_SELF = YES;
				CLANG_WARN_OBJC_LITERAL_CONVERSION = YES;
				CLANG_WARN_OBJC_ROOT_CLASS = YES_ERROR;
				CLANG_WARN_QUOTED_INCLUDE_IN_FRAMEWORK_HEADER = YES;
				CLANG_WARN_RANGE_LOOP_ANALYSIS = YES;
				CLANG_WARN_STRICT_PROTOTYPES = YES;
				CLANG_WARN_SUSPICIOUS_MOVE = YES;
				CLANG_WARN_UNGUARDED_AVAILABILITY = YES_AGGRESSIVE;
				CLANG_WARN_UNREACHABLE_CODE = YES;
				CLANG_WARN__DUPLICATE_METHOD_MATCH = YES;
				COPY_PHASE_STRIP = NO;
				DEBUG_INFORMATION_FORMAT = dwarf;
				ENABLE_STRICT_OBJC_MSGSEND = YES;
				ENABLE_TESTABILITY = YES;
				GCC_C_LANGUAGE_STANDARD = gnu11;
				GCC_DYNAMIC_NO_PIC = NO;
				GCC_NO_COMMON_BLOCKS = YES;
				GCC_OPTIMIZATION_LEVEL = 0;
				GCC_PREPROCESSOR_DEFINITIONS = (
					"DEBUG=1",
					"$(inherited)",
				);
				GCC_WARN_64_TO_32_BIT_CONVERSION = YES;
				GCC_WARN_ABOUT_RETURN_TYPE = YES_ERROR;
				GCC_WARN_UNDECLARED_SELECTOR = YES;
				GCC_WARN_UNINITIALIZED_AUTOS = YES_AGGRESSIVE;
				GCC_WARN_UNUSED_FUNCTION = YES;
				GCC_WARN_UNUSED_VARIABLE = YES;
				IPHONEOS_DEPLOYMENT_TARGET = 16.4;
				MTL_ENABLE_DEBUG_INFO = INCLUDE_SOURCE;
				MTL_FAST_MATH = YES;
				ONLY_ACTIVE_ARCH = YES;
				SDKROOT = iphoneos;
				SWIFT_ACTIVE_COMPILATION_CONDITIONS = DEBUG;
				SWIFT_OPTIMIZATION_LEVEL = "-Onone";
			};
			name = Debug;
		};
		DD88F6762AAEE30000F37CD8 /* Release */ = {
			isa = XCBuildConfiguration;
			buildSettings = {
				ALWAYS_SEARCH_USER_PATHS = NO;
				CLANG_ANALYZER_NONNULL = YES;
				CLANG_ANALYZER_NUMBER_OBJECT_CONVERSION = YES_AGGRESSIVE;
				CLANG_CXX_LANGUAGE_STANDARD = "gnu++20";
				CLANG_ENABLE_MODULES = YES;
				CLANG_ENABLE_OBJC_ARC = YES;
				CLANG_ENABLE_OBJC_WEAK = YES;
				CLANG_WARN_BLOCK_CAPTURE_AUTORELEASING = YES;
				CLANG_WARN_BOOL_CONVERSION = YES;
				CLANG_WARN_COMMA = YES;
				CLANG_WARN_CONSTANT_CONVERSION = YES;
				CLANG_WARN_DEPRECATED_OBJC_IMPLEMENTATIONS = YES;
				CLANG_WARN_DIRECT_OBJC_ISA_USAGE = YES_ERROR;
				CLANG_WARN_DOCUMENTATION_COMMENTS = YES;
				CLANG_WARN_EMPTY_BODY = YES;
				CLANG_WARN_ENUM_CONVERSION = YES;
				CLANG_WARN_INFINITE_RECURSION = YES;
				CLANG_WARN_INT_CONVERSION = YES;
				CLANG_WARN_NON_LITERAL_NULL_CONVERSION = YES;
				CLANG_WARN_OBJC_IMPLICIT_RETAIN_SELF = YES;
				CLANG_WARN_OBJC_LITERAL_CONVERSION = YES;
				CLANG_WARN_OBJC_ROOT_CLASS = YES_ERROR;
				CLANG_WARN_QUOTED_INCLUDE_IN_FRAMEWORK_HEADER = YES;
				CLANG_WARN_RANGE_LOOP_ANALYSIS = YES;
				CLANG_WARN_STRICT_PROTOTYPES = YES;
				CLANG_WARN_SUSPICIOUS_MOVE = YES;
				CLANG_WARN_UNGUARDED_AVAILABILITY = YES_AGGRESSIVE;
				CLANG_WARN_UNREACHABLE_CODE = YES;
				CLANG_WARN__DUPLICATE_METHOD_MATCH = YES;
				COPY_PHASE_STRIP = NO;
				DEBUG_INFORMATION_FORMAT = "dwarf-with-dsym";
				ENABLE_NS_ASSERTIONS = NO;
				ENABLE_STRICT_OBJC_MSGSEND = YES;
				GCC_C_LANGUAGE_STANDARD = gnu11;
				GCC_NO_COMMON_BLOCKS = YES;
				GCC_WARN_64_TO_32_BIT_CONVERSION = YES;
				GCC_WARN_ABOUT_RETURN_TYPE = YES_ERROR;
				GCC_WARN_UNDECLARED_SELECTOR = YES;
				GCC_WARN_UNINITIALIZED_AUTOS = YES_AGGRESSIVE;
				GCC_WARN_UNUSED_FUNCTION = YES;
				GCC_WARN_UNUSED_VARIABLE = YES;
				IPHONEOS_DEPLOYMENT_TARGET = 16.4;
				MTL_ENABLE_DEBUG_INFO = NO;
				MTL_FAST_MATH = YES;
				SDKROOT = iphoneos;
				SWIFT_COMPILATION_MODE = wholemodule;
				SWIFT_OPTIMIZATION_LEVEL = "-O";
				VALIDATE_PRODUCT = YES;
			};
			name = Release;
		};
		DD88F6782AAEE30000F37CD8 /* Debug */ = {
			isa = XCBuildConfiguration;
			buildSettings = {
				ASSETCATALOG_COMPILER_APPICON_NAME = AppIcon;
				ASSETCATALOG_COMPILER_GLOBAL_ACCENT_COLOR_NAME = AccentColor;
				CODE_SIGN_STYLE = Automatic;
				CURRENT_PROJECT_VERSION = 1;
				DEVELOPMENT_ASSET_PATHS = "\"SwiftUI-Tutorial-Stack/Preview Content\"";
				DEVELOPMENT_TEAM = X55X2695H3;
				ENABLE_PREVIEWS = YES;
				GENERATE_INFOPLIST_FILE = YES;
				INFOPLIST_KEY_UIApplicationSceneManifest_Generation = YES;
				INFOPLIST_KEY_UIApplicationSupportsIndirectInputEvents = YES;
				INFOPLIST_KEY_UILaunchScreen_Generation = YES;
				INFOPLIST_KEY_UISupportedInterfaceOrientations_iPad = "UIInterfaceOrientationPortrait UIInterfaceOrientationPortraitUpsideDown UIInterfaceOrientationLandscapeLeft UIInterfaceOrientationLandscapeRight";
				INFOPLIST_KEY_UISupportedInterfaceOrientations_iPhone = "UIInterfaceOrientationPortrait UIInterfaceOrientationLandscapeLeft UIInterfaceOrientationLandscapeRight";
				LD_RUNPATH_SEARCH_PATHS = (
					"$(inherited)",
					"@executable_path/Frameworks",
				);
				MARKETING_VERSION = 1.0;
				PRODUCT_BUNDLE_IDENTIFIER = "com.SamSung.SwiftUI-Tutorial-Stack";
				PRODUCT_NAME = "$(TARGET_NAME)";
				SWIFT_EMIT_LOC_STRINGS = YES;
				SWIFT_VERSION = 5.0;
				TARGETED_DEVICE_FAMILY = "1,2";
			};
			name = Debug;
		};
		DD88F6792AAEE30000F37CD8 /* Release */ = {
			isa = XCBuildConfiguration;
			buildSettings = {
				ASSETCATALOG_COMPILER_APPICON_NAME = AppIcon;
				ASSETCATALOG_COMPILER_GLOBAL_ACCENT_COLOR_NAME = AccentColor;
				CODE_SIGN_STYLE = Automatic;
				CURRENT_PROJECT_VERSION = 1;
				DEVELOPMENT_ASSET_PATHS = "\"SwiftUI-Tutorial-Stack/Preview Content\"";
				DEVELOPMENT_TEAM = X55X2695H3;
				ENABLE_PREVIEWS = YES;
				GENERATE_INFOPLIST_FILE = YES;
				INFOPLIST_KEY_UIApplicationSceneManifest_Generation = YES;
				INFOPLIST_KEY_UIApplicationSupportsIndirectInputEvents = YES;
				INFOPLIST_KEY_UILaunchScreen_Generation = YES;
				INFOPLIST_KEY_UISupportedInterfaceOrientations_iPad = "UIInterfaceOrientationPortrait UIInterfaceOrientationPortraitUpsideDown UIInterfaceOrientationLandscapeLeft UIInterfaceOrientationLandscapeRight";
				INFOPLIST_KEY_UISupportedInterfaceOrientations_iPhone = "UIInterfaceOrientationPortrait UIInterfaceOrientationLandscapeLeft UIInterfaceOrientationLandscapeRight";
				LD_RUNPATH_SEARCH_PATHS = (
					"$(inherited)",
					"@executable_path/Frameworks",
				);
				MARKETING_VERSION = 1.0;
				PRODUCT_BUNDLE_IDENTIFIER = "com.SamSung.SwiftUI-Tutorial-Stack";
				PRODUCT_NAME = "$(TARGET_NAME)";
				SWIFT_EMIT_LOC_STRINGS = YES;
				SWIFT_VERSION = 5.0;
				TARGETED_DEVICE_FAMILY = "1,2";
			};
			name = Release;
		};
/* End XCBuildConfiguration section */

/* Begin XCConfigurationList section */
		DD88F6642AAEE2FF00F37CD8 /* Build configuration list for PBXProject "SwiftUI-Tutorial-Stack" */ = {
			isa = XCConfigurationList;
			buildConfigurations = (
				DD88F6752AAEE30000F37CD8 /* Debug */,
				DD88F6762AAEE30000F37CD8 /* Release */,
			);
			defaultConfigurationIsVisible = 0;
			defaultConfigurationName = Release;
		};
		DD88F6772AAEE30000F37CD8 /* Build configuration list for PBXNativeTarget "SwiftUI-Tutorial-Stack" */ = {
			isa = XCConfigurationList;
			buildConfigurations = (
				DD88F6782AAEE30000F37CD8 /* Debug */,
				DD88F6792AAEE30000F37CD8 /* Release */,
			);
			defaultConfigurationIsVisible = 0;
			defaultConfigurationName = Release;
		};
/* End XCConfigurationList section */
	};
	rootObject = DD88F6612AAEE2FF00F37CD8 /* Project object */;
}
