// !$*UTF8*$!
{
	archiveVersion = 1;
	classes = {
	};
	objectVersion = 56;
	objects = {

/* Begin PBXBuildFile section */
		F199003A2A383BB90002AD2A /* InstagramTutorialApp.swift in Sources */ = {isa = PBXBuildFile; fileRef = F19900392A383BB90002AD2A /* InstagramTutorialApp.swift */; };
		F199003C2A383BB90002AD2A /* ContentView.swift in Sources */ = {isa = PBXBuildFile; fileRef = F199003B2A383BB90002AD2A /* ContentView.swift */; };
		F199003E2A383BB90002AD2A /* Assets.xcassets in Resources */ = {isa = PBXBuildFile; fileRef = F199003D2A383BB90002AD2A /* Assets.xcassets */; };
		F19900412A383BB90002AD2A /* Preview Assets.xcassets in Resources */ = {isa = PBXBuildFile; fileRef = F19900402A383BB90002AD2A /* Preview Assets.xcassets */; };
		F19900562A383D920002AD2A /* MainTapView.swift in Sources */ = {isa = PBXBuildFile; fileRef = F19900552A383D920002AD2A /* MainTapView.swift */; };
		F19900582A383F770002AD2A /* ProfileView.swift in Sources */ = {isa = PBXBuildFile; fileRef = F19900572A383F770002AD2A /* ProfileView.swift */; };
		F199005B2A38B67B0002AD2A /* UserStatView.swift in Sources */ = {isa = PBXBuildFile; fileRef = F199005A2A38B67B0002AD2A /* UserStatView.swift */; };
		F199005D2A38BA930002AD2A /* FeedCell.swift in Sources */ = {isa = PBXBuildFile; fileRef = F199005C2A38BA930002AD2A /* FeedCell.swift */; };
		F199005F2A38BAA80002AD2A /* FeedView.swift in Sources */ = {isa = PBXBuildFile; fileRef = F199005E2A38BAA80002AD2A /* FeedView.swift */; };
/* End PBXBuildFile section */

/* Begin PBXFileReference section */
		F19900362A383BB90002AD2A /* InstagramTutorial.app */ = {isa = PBXFileReference; explicitFileType = wrapper.application; includeInIndex = 0; path = InstagramTutorial.app; sourceTree = BUILT_PRODUCTS_DIR; };
		F19900392A383BB90002AD2A /* InstagramTutorialApp.swift */ = {isa = PBXFileReference; lastKnownFileType = sourcecode.swift; path = InstagramTutorialApp.swift; sourceTree = "<group>"; };
		F199003B2A383BB90002AD2A /* ContentView.swift */ = {isa = PBXFileReference; lastKnownFileType = sourcecode.swift; path = ContentView.swift; sourceTree = "<group>"; };
		F199003D2A383BB90002AD2A /* Assets.xcassets */ = {isa = PBXFileReference; lastKnownFileType = folder.assetcatalog; path = Assets.xcassets; sourceTree = "<group>"; };
		F19900402A383BB90002AD2A /* Preview Assets.xcassets */ = {isa = PBXFileReference; lastKnownFileType = folder.assetcatalog; path = "Preview Assets.xcassets"; sourceTree = "<group>"; };
		F19900552A383D920002AD2A /* MainTapView.swift */ = {isa = PBXFileReference; lastKnownFileType = sourcecode.swift; path = MainTapView.swift; sourceTree = "<group>"; };
		F19900572A383F770002AD2A /* ProfileView.swift */ = {isa = PBXFileReference; lastKnownFileType = sourcecode.swift; path = ProfileView.swift; sourceTree = "<group>"; };
		F199005A2A38B67B0002AD2A /* UserStatView.swift */ = {isa = PBXFileReference; lastKnownFileType = sourcecode.swift; path = UserStatView.swift; sourceTree = "<group>"; };
		F199005C2A38BA930002AD2A /* FeedCell.swift */ = {isa = PBXFileReference; lastKnownFileType = sourcecode.swift; path = FeedCell.swift; sourceTree = "<group>"; };
		F199005E2A38BAA80002AD2A /* FeedView.swift */ = {isa = PBXFileReference; lastKnownFileType = sourcecode.swift; path = FeedView.swift; sourceTree = "<group>"; };
/* End PBXFileReference section */

/* Begin PBXFrameworksBuildPhase section */
		F19900332A383BB90002AD2A /* Frameworks */ = {
			isa = PBXFrameworksBuildPhase;
			buildActionMask = 2147483647;
			files = (
			);
			runOnlyForDeploymentPostprocessing = 0;
		};
/* End PBXFrameworksBuildPhase section */

/* Begin PBXGroup section */
		F199002D2A383BB90002AD2A = {
			isa = PBXGroup;
			children = (
				F19900382A383BB90002AD2A /* InstagramTutorial */,
				F19900372A383BB90002AD2A /* Products */,
			);
			sourceTree = "<group>";
		};
		F19900372A383BB90002AD2A /* Products */ = {
			isa = PBXGroup;
			children = (
				F19900362A383BB90002AD2A /* InstagramTutorial.app */,
			);
			name = Products;
			sourceTree = "<group>";
		};
		F19900382A383BB90002AD2A /* InstagramTutorial */ = {
			isa = PBXGroup;
			children = (
				F19900472A383BD40002AD2A /* App */,
				F199004B2A383C160002AD2A /* Core */,
				F199004C2A383C210002AD2A /* Extensions */,
				F199004D2A383C2B0002AD2A /* Services */,
				F199003B2A383BB90002AD2A /* ContentView.swift */,
				F199003D2A383BB90002AD2A /* Assets.xcassets */,
				F199003F2A383BB90002AD2A /* Preview Content */,
			);
			path = InstagramTutorial;
			sourceTree = "<group>";
		};
		F199003F2A383BB90002AD2A /* Preview Content */ = {
			isa = PBXGroup;
			children = (
				F19900402A383BB90002AD2A /* Preview Assets.xcassets */,
			);
			path = "Preview Content";
			sourceTree = "<group>";
		};
		F19900472A383BD40002AD2A /* App */ = {
			isa = PBXGroup;
			children = (
				F19900392A383BB90002AD2A /* InstagramTutorialApp.swift */,
			);
			path = App;
			sourceTree = "<group>";
		};
		F199004B2A383C160002AD2A /* Core */ = {
			isa = PBXGroup;
			children = (
				F19900592A38B6580002AD2A /* Components */,
				F199004E2A383C560002AD2A /* Authentication */,
				F199004F2A383C640002AD2A /* Feed */,
				F19900502A383C690002AD2A /* Profile */,
				F19900512A383C6E0002AD2A /* Root */,
				F19900522A383C880002AD2A /* Search */,
				F19900542A383CDB0002AD2A /* TabPar */,
				F19900532A383CD40002AD2A /* UploadPost */,
			);
			path = Core;
			sourceTree = "<group>";
		};
		F199004C2A383C210002AD2A /* Extensions */ = {
			isa = PBXGroup;
			children = (
			);
			path = Extensions;
			sourceTree = "<group>";
		};
		F199004D2A383C2B0002AD2A /* Services */ = {
			isa = PBXGroup;
			children = (
			);
			path = Services;
			sourceTree = "<group>";
		};
		F199004E2A383C560002AD2A /* Authentication */ = {
			isa = PBXGroup;
			children = (
			);
			path = Authentication;
			sourceTree = "<group>";
		};
		F199004F2A383C640002AD2A /* Feed */ = {
			isa = PBXGroup;
			children = (
				F199005C2A38BA930002AD2A /* FeedCell.swift */,
				F199005E2A38BAA80002AD2A /* FeedView.swift */,
			);
			path = Feed;
			sourceTree = "<group>";
		};
		F19900502A383C690002AD2A /* Profile */ = {
			isa = PBXGroup;
			children = (
				F19900572A383F770002AD2A /* ProfileView.swift */,
			);
			path = Profile;
			sourceTree = "<group>";
		};
		F19900512A383C6E0002AD2A /* Root */ = {
			isa = PBXGroup;
			children = (
			);
			path = Root;
			sourceTree = "<group>";
		};
		F19900522A383C880002AD2A /* Search */ = {
			isa = PBXGroup;
			children = (
			);
			path = Search;
			sourceTree = "<group>";
		};
		F19900532A383CD40002AD2A /* UploadPost */ = {
			isa = PBXGroup;
			children = (
			);
			path = UploadPost;
			sourceTree = "<group>";
		};
		F19900542A383CDB0002AD2A /* TabPar */ = {
			isa = PBXGroup;
			children = (
				F19900552A383D920002AD2A /* MainTapView.swift */,
			);
			path = TabPar;
			sourceTree = "<group>";
		};
		F19900592A38B6580002AD2A /* Components */ = {
			isa = PBXGroup;
			children = (
				F199005A2A38B67B0002AD2A /* UserStatView.swift */,
			);
			path = Components;
			sourceTree = "<group>";
		};
/* End PBXGroup section */

/* Begin PBXNativeTarget section */
		F19900352A383BB90002AD2A /* InstagramTutorial */ = {
			isa = PBXNativeTarget;
			buildConfigurationList = F19900442A383BB90002AD2A /* Build configuration list for PBXNativeTarget "InstagramTutorial" */;
			buildPhases = (
				F19900322A383BB90002AD2A /* Sources */,
				F19900332A383BB90002AD2A /* Frameworks */,
				F19900342A383BB90002AD2A /* Resources */,
			);
			buildRules = (
			);
			dependencies = (
			);
			name = InstagramTutorial;
			productName = InstagramTutorial;
			productReference = F19900362A383BB90002AD2A /* InstagramTutorial.app */;
			productType = "com.apple.product-type.application";
		};
/* End PBXNativeTarget section */

/* Begin PBXProject section */
		F199002E2A383BB90002AD2A /* Project object */ = {
			isa = PBXProject;
			attributes = {
				BuildIndependentTargetsInParallel = 1;
				LastSwiftUpdateCheck = 1430;
				LastUpgradeCheck = 1430;
				TargetAttributes = {
					F19900352A383BB90002AD2A = {
						CreatedOnToolsVersion = 14.3.1;
					};
				};
			};
			buildConfigurationList = F19900312A383BB90002AD2A /* Build configuration list for PBXProject "InstagramTutorial" */;
			compatibilityVersion = "Xcode 14.0";
			developmentRegion = en;
			hasScannedForEncodings = 0;
			knownRegions = (
				en,
				Base,
			);
			mainGroup = F199002D2A383BB90002AD2A;
			productRefGroup = F19900372A383BB90002AD2A /* Products */;
			projectDirPath = "";
			projectRoot = "";
			targets = (
				F19900352A383BB90002AD2A /* InstagramTutorial */,
			);
		};
/* End PBXProject section */

/* Begin PBXResourcesBuildPhase section */
		F19900342A383BB90002AD2A /* Resources */ = {
			isa = PBXResourcesBuildPhase;
			buildActionMask = 2147483647;
			files = (
				F19900412A383BB90002AD2A /* Preview Assets.xcassets in Resources */,
				F199003E2A383BB90002AD2A /* Assets.xcassets in Resources */,
			);
			runOnlyForDeploymentPostprocessing = 0;
		};
/* End PBXResourcesBuildPhase section */

/* Begin PBXSourcesBuildPhase section */
		F19900322A383BB90002AD2A /* Sources */ = {
			isa = PBXSourcesBuildPhase;
			buildActionMask = 2147483647;
			files = (
				F199005F2A38BAA80002AD2A /* FeedView.swift in Sources */,
				F19900582A383F770002AD2A /* ProfileView.swift in Sources */,
				F199003C2A383BB90002AD2A /* ContentView.swift in Sources */,
				F199003A2A383BB90002AD2A /* InstagramTutorialApp.swift in Sources */,
				F199005B2A38B67B0002AD2A /* UserStatView.swift in Sources */,
				F199005D2A38BA930002AD2A /* FeedCell.swift in Sources */,
				F19900562A383D920002AD2A /* MainTapView.swift in Sources */,
			);
			runOnlyForDeploymentPostprocessing = 0;
		};
/* End PBXSourcesBuildPhase section */

/* Begin XCBuildConfiguration section */
		F19900422A383BB90002AD2A /* Debug */ = {
			isa = XCBuildConfiguration;
			buildSettings = {
				ALWAYS_SEARCH_USER_PATHS = NO;
				CLANG_ANALYZER_NONNULL = YES;
				CLANG_ANALYZER_NUMBER_OBJECT_CONVERSION = YES_AGGRESSIVE;
				CLANG_CXX_LANGUAGE_STANDARD = "gnu++20";
				CLANG_ENABLE_MODULES = YES;
				CLANG_ENABLE_OBJC_ARC = YES;
				CLANG_ENABLE_OBJC_WEAK = YES;
				CLANG_WARN_BLOCK_CAPTURE_AUTORELEASING = YES;
				CLANG_WARN_BOOL_CONVERSION = YES;
				CLANG_WARN_COMMA = YES;
				CLANG_WARN_CONSTANT_CONVERSION = YES;
				CLANG_WARN_DEPRECATED_OBJC_IMPLEMENTATIONS = YES;
				CLANG_WARN_DIRECT_OBJC_ISA_USAGE = YES_ERROR;
				CLANG_WARN_DOCUMENTATION_COMMENTS = YES;
				CLANG_WARN_EMPTY_BODY = YES;
				CLANG_WARN_ENUM_CONVERSION = YES;
				CLANG_WARN_INFINITE_RECURSION = YES;
				CLANG_WARN_INT_CONVERSION = YES;
				CLANG_WARN_NON_LITERAL_NULL_CONVERSION = YES;
				CLANG_WARN_OBJC_IMPLICIT_RETAIN_SELF = YES;
				CLANG_WARN_OBJC_LITERAL_CONVERSION = YES;
				CLANG_WARN_OBJC_ROOT_CLASS = YES_ERROR;
				CLANG_WARN_QUOTED_INCLUDE_IN_FRAMEWORK_HEADER = YES;
				CLANG_WARN_RANGE_LOOP_ANALYSIS = YES;
				CLANG_WARN_STRICT_PROTOTYPES = YES;
				CLANG_WARN_SUSPICIOUS_MOVE = YES;
				CLANG_WARN_UNGUARDED_AVAILABILITY = YES_AGGRESSIVE;
				CLANG_WARN_UNREACHABLE_CODE = YES;
				CLANG_WARN__DUPLICATE_METHOD_MATCH = YES;
				COPY_PHASE_STRIP = NO;
				DEBUG_INFORMATION_FORMAT = dwarf;
				ENABLE_STRICT_OBJC_MSGSEND = YES;
				ENABLE_TESTABILITY = YES;
				GCC_C_LANGUAGE_STANDARD = gnu11;
				GCC_DYNAMIC_NO_PIC = NO;
				GCC_NO_COMMON_BLOCKS = YES;
				GCC_OPTIMIZATION_LEVEL = 0;
				GCC_PREPROCESSOR_DEFINITIONS = (
					"DEBUG=1",
					"$(inherited)",
				);
				GCC_WARN_64_TO_32_BIT_CONVERSION = YES;
				GCC_WARN_ABOUT_RETURN_TYPE = YES_ERROR;
				GCC_WARN_UNDECLARED_SELECTOR = YES;
				GCC_WARN_UNINITIALIZED_AUTOS = YES_AGGRESSIVE;
				GCC_WARN_UNUSED_FUNCTION = YES;
				GCC_WARN_UNUSED_VARIABLE = YES;
				IPHONEOS_DEPLOYMENT_TARGET = 16.4;
				MTL_ENABLE_DEBUG_INFO = INCLUDE_SOURCE;
				MTL_FAST_MATH = YES;
				ONLY_ACTIVE_ARCH = YES;
				SDKROOT = iphoneos;
				SWIFT_ACTIVE_COMPILATION_CONDITIONS = DEBUG;
				SWIFT_OPTIMIZATION_LEVEL = "-Onone";
			};
			name = Debug;
		};
		F19900432A383BB90002AD2A /* Release */ = {
			isa = XCBuildConfiguration;
			buildSettings = {
				ALWAYS_SEARCH_USER_PATHS = NO;
				CLANG_ANALYZER_NONNULL = YES;
				CLANG_ANALYZER_NUMBER_OBJECT_CONVERSION = YES_AGGRESSIVE;
				CLANG_CXX_LANGUAGE_STANDARD = "gnu++20";
				CLANG_ENABLE_MODULES = YES;
				CLANG_ENABLE_OBJC_ARC = YES;
				CLANG_ENABLE_OBJC_WEAK = YES;
				CLANG_WARN_BLOCK_CAPTURE_AUTORELEASING = YES;
				CLANG_WARN_BOOL_CONVERSION = YES;
				CLANG_WARN_COMMA = YES;
				CLANG_WARN_CONSTANT_CONVERSION = YES;
				CLANG_WARN_DEPRECATED_OBJC_IMPLEMENTATIONS = YES;
				CLANG_WARN_DIRECT_OBJC_ISA_USAGE = YES_ERROR;
				CLANG_WARN_DOCUMENTATION_COMMENTS = YES;
				CLANG_WARN_EMPTY_BODY = YES;
				CLANG_WARN_ENUM_CONVERSION = YES;
				CLANG_WARN_INFINITE_RECURSION = YES;
				CLANG_WARN_INT_CONVERSION = YES;
				CLANG_WARN_NON_LITERAL_NULL_CONVERSION = YES;
				CLANG_WARN_OBJC_IMPLICIT_RETAIN_SELF = YES;
				CLANG_WARN_OBJC_LITERAL_CONVERSION = YES;
				CLANG_WARN_OBJC_ROOT_CLASS = YES_ERROR;
				CLANG_WARN_QUOTED_INCLUDE_IN_FRAMEWORK_HEADER = YES;
				CLANG_WARN_RANGE_LOOP_ANALYSIS = YES;
				CLANG_WARN_STRICT_PROTOTYPES = YES;
				CLANG_WARN_SUSPICIOUS_MOVE = YES;
				CLANG_WARN_UNGUARDED_AVAILABILITY = YES_AGGRESSIVE;
				CLANG_WARN_UNREACHABLE_CODE = YES;
				CLANG_WARN__DUPLICATE_METHOD_MATCH = YES;
				COPY_PHASE_STRIP = NO;
				DEBUG_INFORMATION_FORMAT = "dwarf-with-dsym";
				ENABLE_NS_ASSERTIONS = NO;
				ENABLE_STRICT_OBJC_MSGSEND = YES;
				GCC_C_LANGUAGE_STANDARD = gnu11;
				GCC_NO_COMMON_BLOCKS = YES;
				GCC_WARN_64_TO_32_BIT_CONVERSION = YES;
				GCC_WARN_ABOUT_RETURN_TYPE = YES_ERROR;
				GCC_WARN_UNDECLARED_SELECTOR = YES;
				GCC_WARN_UNINITIALIZED_AUTOS = YES_AGGRESSIVE;
				GCC_WARN_UNUSED_FUNCTION = YES;
				GCC_WARN_UNUSED_VARIABLE = YES;
				IPHONEOS_DEPLOYMENT_TARGET = 16.4;
				MTL_ENABLE_DEBUG_INFO = NO;
				MTL_FAST_MATH = YES;
				SDKROOT = iphoneos;
				SWIFT_COMPILATION_MODE = wholemodule;
				SWIFT_OPTIMIZATION_LEVEL = "-O";
				VALIDATE_PRODUCT = YES;
			};
			name = Release;
		};
		F19900452A383BB90002AD2A /* Debug */ = {
			isa = XCBuildConfiguration;
			buildSettings = {
				ASSETCATALOG_COMPILER_APPICON_NAME = AppIcon;
				ASSETCATALOG_COMPILER_GLOBAL_ACCENT_COLOR_NAME = AccentColor;
				CODE_SIGN_STYLE = Automatic;
				CURRENT_PROJECT_VERSION = 1;
				DEVELOPMENT_ASSET_PATHS = "\"InstagramTutorial/Preview Content\"";
				DEVELOPMENT_TEAM = JY9QH7G8BB;
				ENABLE_PREVIEWS = YES;
				GENERATE_INFOPLIST_FILE = YES;
				INFOPLIST_KEY_UIApplicationSceneManifest_Generation = YES;
				INFOPLIST_KEY_UIApplicationSupportsIndirectInputEvents = YES;
				INFOPLIST_KEY_UILaunchScreen_Generation = YES;
				INFOPLIST_KEY_UISupportedInterfaceOrientations_iPad = "UIInterfaceOrientationPortrait UIInterfaceOrientationPortraitUpsideDown UIInterfaceOrientationLandscapeLeft UIInterfaceOrientationLandscapeRight";
				INFOPLIST_KEY_UISupportedInterfaceOrientations_iPhone = "UIInterfaceOrientationPortrait UIInterfaceOrientationLandscapeLeft UIInterfaceOrientationLandscapeRight";
				LD_RUNPATH_SEARCH_PATHS = (
					"$(inherited)",
					"@executable_path/Frameworks",
				);
				MARKETING_VERSION = 1.0;
				PRODUCT_BUNDLE_IDENTIFIER = com.SamSung.InstagramTutorial;
				PRODUCT_NAME = "$(TARGET_NAME)";
				SWIFT_EMIT_LOC_STRINGS = YES;
				SWIFT_VERSION = 5.0;
				TARGETED_DEVICE_FAMILY = "1,2";
			};
			name = Debug;
		};
		F19900462A383BB90002AD2A /* Release */ = {
			isa = XCBuildConfiguration;
			buildSettings = {
				ASSETCATALOG_COMPILER_APPICON_NAME = AppIcon;
				ASSETCATALOG_COMPILER_GLOBAL_ACCENT_COLOR_NAME = AccentColor;
				CODE_SIGN_STYLE = Automatic;
				CURRENT_PROJECT_VERSION = 1;
				DEVELOPMENT_ASSET_PATHS = "\"InstagramTutorial/Preview Content\"";
				DEVELOPMENT_TEAM = JY9QH7G8BB;
				ENABLE_PREVIEWS = YES;
				GENERATE_INFOPLIST_FILE = YES;
				INFOPLIST_KEY_UIApplicationSceneManifest_Generation = YES;
				INFOPLIST_KEY_UIApplicationSupportsIndirectInputEvents = YES;
				INFOPLIST_KEY_UILaunchScreen_Generation = YES;
				INFOPLIST_KEY_UISupportedInterfaceOrientations_iPad = "UIInterfaceOrientationPortrait UIInterfaceOrientationPortraitUpsideDown UIInterfaceOrientationLandscapeLeft UIInterfaceOrientationLandscapeRight";
				INFOPLIST_KEY_UISupportedInterfaceOrientations_iPhone = "UIInterfaceOrientationPortrait UIInterfaceOrientationLandscapeLeft UIInterfaceOrientationLandscapeRight";
				LD_RUNPATH_SEARCH_PATHS = (
					"$(inherited)",
					"@executable_path/Frameworks",
				);
				MARKETING_VERSION = 1.0;
				PRODUCT_BUNDLE_IDENTIFIER = com.SamSung.InstagramTutorial;
				PRODUCT_NAME = "$(TARGET_NAME)";
				SWIFT_EMIT_LOC_STRINGS = YES;
				SWIFT_VERSION = 5.0;
				TARGETED_DEVICE_FAMILY = "1,2";
			};
			name = Release;
		};
/* End XCBuildConfiguration section */

/* Begin XCConfigurationList section */
		F19900312A383BB90002AD2A /* Build configuration list for PBXProject "InstagramTutorial" */ = {
			isa = XCConfigurationList;
			buildConfigurations = (
				F19900422A383BB90002AD2A /* Debug */,
				F19900432A383BB90002AD2A /* Release */,
			);
			defaultConfigurationIsVisible = 0;
			defaultConfigurationName = Release;
		};
		F19900442A383BB90002AD2A /* Build configuration list for PBXNativeTarget "InstagramTutorial" */ = {
			isa = XCConfigurationList;
			buildConfigurations = (
				F19900452A383BB90002AD2A /* Debug */,
				F19900462A383BB90002AD2A /* Release */,
			);
			defaultConfigurationIsVisible = 0;
			defaultConfigurationName = Release;
		};
/* End XCConfigurationList section */
	};
	rootObject = F199002E2A383BB90002AD2A /* Project object */;
}
