// !$*UTF8*$!
{
	archiveVersion = 1;
	classes = {
	};
	objectVersion = 56;
	objects = {

/* Begin PBXBuildFile section */
		DD88F64C2AAEB0F400F37CD8 /* SwiftUI_Tutorial_ImageApp.swift in Sources */ = {isa = PBXBuildFile; fileRef = DD88F64B2AAEB0F400F37CD8 /* SwiftUI_Tutorial_ImageApp.swift */; };
		DD88F64E2AAEB0F400F37CD8 /* ContentView.swift in Sources */ = {isa = PBXBuildFile; fileRef = DD88F64D2AAEB0F400F37CD8 /* ContentView.swift */; };
		DD88F6502AAEB0F500F37CD8 /* Assets.xcassets in Resources */ = {isa = PBXBuildFile; fileRef = DD88F64F2AAEB0F500F37CD8 /* Assets.xcassets */; };
		DD88F6532AAEB0F500F37CD8 /* Preview Assets.xcassets in Resources */ = {isa = PBXBuildFile; fileRef = DD88F6522AAEB0F500F37CD8 /* Preview Assets.xcassets */; };
		DD88F65A2AAEB62300F37CD8 /* CircleImageView.swift in Sources */ = {isa = PBXBuildFile; fileRef = DD88F6592AAEB62300F37CD8 /* CircleImageView.swift */; };
		DD88F65C2AAEBA3D00F37CD8 /* LinkButton.swift in Sources */ = {isa = PBXBuildFile; fileRef = DD88F65B2AAEBA3D00F37CD8 /* LinkButton.swift */; };
		DD88F65E2AAEBAC300F37CD8 /* LinkView.swift in Sources */ = {isa = PBXBuildFile; fileRef = DD88F65D2AAEBAC300F37CD8 /* LinkView.swift */; };
/* End PBXBuildFile section */

/* Begin PBXFileReference section */
		DD88F6482AAEB0F400F37CD8 /* SwiftUI-Tutorial-Image.app */ = {isa = PBXFileReference; explicitFileType = wrapper.application; includeInIndex = 0; path = "SwiftUI-Tutorial-Image.app"; sourceTree = BUILT_PRODUCTS_DIR; };
		DD88F64B2AAEB0F400F37CD8 /* SwiftUI_Tutorial_ImageApp.swift */ = {isa = PBXFileReference; lastKnownFileType = sourcecode.swift; path = SwiftUI_Tutorial_ImageApp.swift; sourceTree = "<group>"; };
		DD88F64D2AAEB0F400F37CD8 /* ContentView.swift */ = {isa = PBXFileReference; lastKnownFileType = sourcecode.swift; path = ContentView.swift; sourceTree = "<group>"; };
		DD88F64F2AAEB0F500F37CD8 /* Assets.xcassets */ = {isa = PBXFileReference; lastKnownFileType = folder.assetcatalog; path = Assets.xcassets; sourceTree = "<group>"; };
		DD88F6522AAEB0F500F37CD8 /* Preview Assets.xcassets */ = {isa = PBXFileReference; lastKnownFileType = folder.assetcatalog; path = "Preview Assets.xcassets"; sourceTree = "<group>"; };
		DD88F6592AAEB62300F37CD8 /* CircleImageView.swift */ = {isa = PBXFileReference; lastKnownFileType = sourcecode.swift; path = CircleImageView.swift; sourceTree = "<group>"; };
		DD88F65B2AAEBA3D00F37CD8 /* LinkButton.swift */ = {isa = PBXFileReference; lastKnownFileType = sourcecode.swift; path = LinkButton.swift; sourceTree = "<group>"; };
		DD88F65D2AAEBAC300F37CD8 /* LinkView.swift */ = {isa = PBXFileReference; lastKnownFileType = sourcecode.swift; path = LinkView.swift; sourceTree = "<group>"; };
		DD88F65F2AAEBEC100F37CD8 /* Info.plist */ = {isa = PBXFileReference; lastKnownFileType = text.plist; path = Info.plist; sourceTree = "<group>"; };
/* End PBXFileReference section */

/* Begin PBXFrameworksBuildPhase section */
		DD88F6452AAEB0F400F37CD8 /* Frameworks */ = {
			isa = PBXFrameworksBuildPhase;
			buildActionMask = 2147483647;
			files = (
			);
			runOnlyForDeploymentPostprocessing = 0;
		};
/* End PBXFrameworksBuildPhase section */

/* Begin PBXGroup section */
		DD88F63F2AAEB0F400F37CD8 = {
			isa = PBXGroup;
			children = (
				DD88F64A2AAEB0F400F37CD8 /* SwiftUI-Tutorial-Image */,
				DD88F6492AAEB0F400F37CD8 /* Products */,
			);
			sourceTree = "<group>";
		};
		DD88F6492AAEB0F400F37CD8 /* Products */ = {
			isa = PBXGroup;
			children = (
				DD88F6482AAEB0F400F37CD8 /* SwiftUI-Tutorial-Image.app */,
			);
			name = Products;
			sourceTree = "<group>";
		};
		DD88F64A2AAEB0F400F37CD8 /* SwiftUI-Tutorial-Image */ = {
			isa = PBXGroup;
			children = (
				DD88F65F2AAEBEC100F37CD8 /* Info.plist */,
				DD88F64B2AAEB0F400F37CD8 /* SwiftUI_Tutorial_ImageApp.swift */,
				DD88F64D2AAEB0F400F37CD8 /* ContentView.swift */,
				DD88F6592AAEB62300F37CD8 /* CircleImageView.swift */,
				DD88F65B2AAEBA3D00F37CD8 /* LinkButton.swift */,
				DD88F65D2AAEBAC300F37CD8 /* LinkView.swift */,
				DD88F64F2AAEB0F500F37CD8 /* Assets.xcassets */,
				DD88F6512AAEB0F500F37CD8 /* Preview Content */,
			);
			path = "SwiftUI-Tutorial-Image";
			sourceTree = "<group>";
		};
		DD88F6512AAEB0F500F37CD8 /* Preview Content */ = {
			isa = PBXGroup;
			children = (
				DD88F6522AAEB0F500F37CD8 /* Preview Assets.xcassets */,
			);
			path = "Preview Content";
			sourceTree = "<group>";
		};
/* End PBXGroup section */

/* Begin PBXNativeTarget section */
		DD88F6472AAEB0F400F37CD8 /* SwiftUI-Tutorial-Image */ = {
			isa = PBXNativeTarget;
			buildConfigurationList = DD88F6562AAEB0F500F37CD8 /* Build configuration list for PBXNativeTarget "SwiftUI-Tutorial-Image" */;
			buildPhases = (
				DD88F6442AAEB0F400F37CD8 /* Sources */,
				DD88F6452AAEB0F400F37CD8 /* Frameworks */,
				DD88F6462AAEB0F400F37CD8 /* Resources */,
			);
			buildRules = (
			);
			dependencies = (
			);
			name = "SwiftUI-Tutorial-Image";
			productName = "SwiftUI-Tutorial-Image";
			productReference = DD88F6482AAEB0F400F37CD8 /* SwiftUI-Tutorial-Image.app */;
			productType = "com.apple.product-type.application";
		};
/* End PBXNativeTarget section */

/* Begin PBXProject section */
		DD88F6402AAEB0F400F37CD8 /* Project object */ = {
			isa = PBXProject;
			attributes = {
				BuildIndependentTargetsInParallel = 1;
				LastSwiftUpdateCheck = 1430;
				LastUpgradeCheck = 1430;
				TargetAttributes = {
					DD88F6472AAEB0F400F37CD8 = {
						CreatedOnToolsVersion = 14.3.1;
					};
				};
			};
			buildConfigurationList = DD88F6432AAEB0F400F37CD8 /* Build configuration list for PBXProject "SwiftUI-Tutorial-Image" */;
			compatibilityVersion = "Xcode 14.0";
			developmentRegion = en;
			hasScannedForEncodings = 0;
			knownRegions = (
				en,
				Base,
			);
			mainGroup = DD88F63F2AAEB0F400F37CD8;
			productRefGroup = DD88F6492AAEB0F400F37CD8 /* Products */;
			projectDirPath = "";
			projectRoot = "";
			targets = (
				DD88F6472AAEB0F400F37CD8 /* SwiftUI-Tutorial-Image */,
			);
		};
/* End PBXProject section */

/* Begin PBXResourcesBuildPhase section */
		DD88F6462AAEB0F400F37CD8 /* Resources */ = {
			isa = PBXResourcesBuildPhase;
			buildActionMask = 2147483647;
			files = (
				DD88F6532AAEB0F500F37CD8 /* Preview Assets.xcassets in Resources */,
				DD88F6502AAEB0F500F37CD8 /* Assets.xcassets in Resources */,
			);
			runOnlyForDeploymentPostprocessing = 0;
		};
/* End PBXResourcesBuildPhase section */

/* Begin PBXSourcesBuildPhase section */
		DD88F6442AAEB0F400F37CD8 /* Sources */ = {
			isa = PBXSourcesBuildPhase;
			buildActionMask = 2147483647;
			files = (
				DD88F64E2AAEB0F400F37CD8 /* ContentView.swift in Sources */,
				DD88F65C2AAEBA3D00F37CD8 /* LinkButton.swift in Sources */,
				DD88F65A2AAEB62300F37CD8 /* CircleImageView.swift in Sources */,
				DD88F64C2AAEB0F400F37CD8 /* SwiftUI_Tutorial_ImageApp.swift in Sources */,
				DD88F65E2AAEBAC300F37CD8 /* LinkView.swift in Sources */,
			);
			runOnlyForDeploymentPostprocessing = 0;
		};
/* End PBXSourcesBuildPhase section */

/* Begin XCBuildConfiguration section */
		DD88F6542AAEB0F500F37CD8 /* Debug */ = {
			isa = XCBuildConfiguration;
			buildSettings = {
				ALWAYS_SEARCH_USER_PATHS = NO;
				CLANG_ANALYZER_NONNULL = YES;
				CLANG_ANALYZER_NUMBER_OBJECT_CONVERSION = YES_AGGRESSIVE;
				CLANG_CXX_LANGUAGE_STANDARD = "gnu++20";
				CLANG_ENABLE_MODULES = YES;
				CLANG_ENABLE_OBJC_ARC = YES;
				CLANG_ENABLE_OBJC_WEAK = YES;
				CLANG_WARN_BLOCK_CAPTURE_AUTORELEASING = YES;
				CLANG_WARN_BOOL_CONVERSION = YES;
				CLANG_WARN_COMMA = YES;
				CLANG_WARN_CONSTANT_CONVERSION = YES;
				CLANG_WARN_DEPRECATED_OBJC_IMPLEMENTATIONS = YES;
				CLANG_WARN_DIRECT_OBJC_ISA_USAGE = YES_ERROR;
				CLANG_WARN_DOCUMENTATION_COMMENTS = YES;
				CLANG_WARN_EMPTY_BODY = YES;
				CLANG_WARN_ENUM_CONVERSION = YES;
				CLANG_WARN_INFINITE_RECURSION = YES;
				CLANG_WARN_INT_CONVERSION = YES;
				CLANG_WARN_NON_LITERAL_NULL_CONVERSION = YES;
				CLANG_WARN_OBJC_IMPLICIT_RETAIN_SELF = YES;
				CLANG_WARN_OBJC_LITERAL_CONVERSION = YES;
				CLANG_WARN_OBJC_ROOT_CLASS = YES_ERROR;
				CLANG_WARN_QUOTED_INCLUDE_IN_FRAMEWORK_HEADER = YES;
				CLANG_WARN_RANGE_LOOP_ANALYSIS = YES;
				CLANG_WARN_STRICT_PROTOTYPES = YES;
				CLANG_WARN_SUSPICIOUS_MOVE = YES;
				CLANG_WARN_UNGUARDED_AVAILABILITY = YES_AGGRESSIVE;
				CLANG_WARN_UNREACHABLE_CODE = YES;
				CLANG_WARN__DUPLICATE_METHOD_MATCH = YES;
				COPY_PHASE_STRIP = NO;
				DEBUG_INFORMATION_FORMAT = dwarf;
				ENABLE_STRICT_OBJC_MSGSEND = YES;
				ENABLE_TESTABILITY = YES;
				GCC_C_LANGUAGE_STANDARD = gnu11;
				GCC_DYNAMIC_NO_PIC = NO;
				GCC_NO_COMMON_BLOCKS = YES;
				GCC_OPTIMIZATION_LEVEL = 0;
				GCC_PREPROCESSOR_DEFINITIONS = (
					"DEBUG=1",
					"$(inherited)",
				);
				GCC_WARN_64_TO_32_BIT_CONVERSION = YES;
				GCC_WARN_ABOUT_RETURN_TYPE = YES_ERROR;
				GCC_WARN_UNDECLARED_SELECTOR = YES;
				GCC_WARN_UNINITIALIZED_AUTOS = YES_AGGRESSIVE;
				GCC_WARN_UNUSED_FUNCTION = YES;
				GCC_WARN_UNUSED_VARIABLE = YES;
				IPHONEOS_DEPLOYMENT_TARGET = 16.4;
				MTL_ENABLE_DEBUG_INFO = INCLUDE_SOURCE;
				MTL_FAST_MATH = YES;
				ONLY_ACTIVE_ARCH = YES;
				SDKROOT = iphoneos;
				SWIFT_ACTIVE_COMPILATION_CONDITIONS = DEBUG;
				SWIFT_OPTIMIZATION_LEVEL = "-Onone";
			};
			name = Debug;
		};
		DD88F6552AAEB0F500F37CD8 /* Release */ = {
			isa = XCBuildConfiguration;
			buildSettings = {
				ALWAYS_SEARCH_USER_PATHS = NO;
				CLANG_ANALYZER_NONNULL = YES;
				CLANG_ANALYZER_NUMBER_OBJECT_CONVERSION = YES_AGGRESSIVE;
				CLANG_CXX_LANGUAGE_STANDARD = "gnu++20";
				CLANG_ENABLE_MODULES = YES;
				CLANG_ENABLE_OBJC_ARC = YES;
				CLANG_ENABLE_OBJC_WEAK = YES;
				CLANG_WARN_BLOCK_CAPTURE_AUTORELEASING = YES;
				CLANG_WARN_BOOL_CONVERSION = YES;
				CLANG_WARN_COMMA = YES;
				CLANG_WARN_CONSTANT_CONVERSION = YES;
				CLANG_WARN_DEPRECATED_OBJC_IMPLEMENTATIONS = YES;
				CLANG_WARN_DIRECT_OBJC_ISA_USAGE = YES_ERROR;
				CLANG_WARN_DOCUMENTATION_COMMENTS = YES;
				CLANG_WARN_EMPTY_BODY = YES;
				CLANG_WARN_ENUM_CONVERSION = YES;
				CLANG_WARN_INFINITE_RECURSION = YES;
				CLANG_WARN_INT_CONVERSION = YES;
				CLANG_WARN_NON_LITERAL_NULL_CONVERSION = YES;
				CLANG_WARN_OBJC_IMPLICIT_RETAIN_SELF = YES;
				CLANG_WARN_OBJC_LITERAL_CONVERSION = YES;
				CLANG_WARN_OBJC_ROOT_CLASS = YES_ERROR;
				CLANG_WARN_QUOTED_INCLUDE_IN_FRAMEWORK_HEADER = YES;
				CLANG_WARN_RANGE_LOOP_ANALYSIS = YES;
				CLANG_WARN_STRICT_PROTOTYPES = YES;
				CLANG_WARN_SUSPICIOUS_MOVE = YES;
				CLANG_WARN_UNGUARDED_AVAILABILITY = YES_AGGRESSIVE;
				CLANG_WARN_UNREACHABLE_CODE = YES;
				CLANG_WARN__DUPLICATE_METHOD_MATCH = YES;
				COPY_PHASE_STRIP = NO;
				DEBUG_INFORMATION_FORMAT = "dwarf-with-dsym";
				ENABLE_NS_ASSERTIONS = NO;
				ENABLE_STRICT_OBJC_MSGSEND = YES;
				GCC_C_LANGUAGE_STANDARD = gnu11;
				GCC_NO_COMMON_BLOCKS = YES;
				GCC_WARN_64_TO_32_BIT_CONVERSION = YES;
				GCC_WARN_ABOUT_RETURN_TYPE = YES_ERROR;
				GCC_WARN_UNDECLARED_SELECTOR = YES;
				GCC_WARN_UNINITIALIZED_AUTOS = YES_AGGRESSIVE;
				GCC_WARN_UNUSED_FUNCTION = YES;
				GCC_WARN_UNUSED_VARIABLE = YES;
				IPHONEOS_DEPLOYMENT_TARGET = 16.4;
				MTL_ENABLE_DEBUG_INFO = NO;
				MTL_FAST_MATH = YES;
				SDKROOT = iphoneos;
				SWIFT_COMPILATION_MODE = wholemodule;
				SWIFT_OPTIMIZATION_LEVEL = "-O";
				VALIDATE_PRODUCT = YES;
			};
			name = Release;
		};
		DD88F6572AAEB0F500F37CD8 /* Debug */ = {
			isa = XCBuildConfiguration;
			buildSettings = {
				ASSETCATALOG_COMPILER_APPICON_NAME = AppIcon;
				ASSETCATALOG_COMPILER_GLOBAL_ACCENT_COLOR_NAME = AccentColor;
				CODE_SIGN_STYLE = Automatic;
				CURRENT_PROJECT_VERSION = 1;
				DEVELOPMENT_ASSET_PATHS = "\"SwiftUI-Tutorial-Image/Preview Content\"";
				DEVELOPMENT_TEAM = X55X2695H3;
				ENABLE_PREVIEWS = YES;
				GENERATE_INFOPLIST_FILE = YES;
				INFOPLIST_FILE = "SwiftUI-Tutorial-Image/Info.plist";
				INFOPLIST_KEY_UIApplicationSceneManifest_Generation = YES;
				INFOPLIST_KEY_UIApplicationSupportsIndirectInputEvents = YES;
				INFOPLIST_KEY_UILaunchScreen_Generation = YES;
				INFOPLIST_KEY_UISupportedInterfaceOrientations_iPad = "UIInterfaceOrientationPortrait UIInterfaceOrientationPortraitUpsideDown UIInterfaceOrientationLandscapeLeft UIInterfaceOrientationLandscapeRight";
				INFOPLIST_KEY_UISupportedInterfaceOrientations_iPhone = "UIInterfaceOrientationPortrait UIInterfaceOrientationLandscapeLeft UIInterfaceOrientationLandscapeRight";
				LD_RUNPATH_SEARCH_PATHS = (
					"$(inherited)",
					"@executable_path/Frameworks",
				);
				MARKETING_VERSION = 1.0;
				PRODUCT_BUNDLE_IDENTIFIER = "com.SamSung.SwiftUI-Tutorial-Image";
				PRODUCT_NAME = "$(TARGET_NAME)";
				SUPPORTED_PLATFORMS = "iphoneos iphonesimulator";
				SUPPORTS_MACCATALYST = NO;
				SUPPORTS_MAC_DESIGNED_FOR_IPHONE_IPAD = NO;
				SWIFT_EMIT_LOC_STRINGS = YES;
				SWIFT_VERSION = 5.0;
				TARGETED_DEVICE_FAMILY = 1;
			};
			name = Debug;
		};
		DD88F6582AAEB0F500F37CD8 /* Release */ = {
			isa = XCBuildConfiguration;
			buildSettings = {
				ASSETCATALOG_COMPILER_APPICON_NAME = AppIcon;
				ASSETCATALOG_COMPILER_GLOBAL_ACCENT_COLOR_NAME = AccentColor;
				CODE_SIGN_STYLE = Automatic;
				CURRENT_PROJECT_VERSION = 1;
				DEVELOPMENT_ASSET_PATHS = "\"SwiftUI-Tutorial-Image/Preview Content\"";
				DEVELOPMENT_TEAM = X55X2695H3;
				ENABLE_PREVIEWS = YES;
				GENERATE_INFOPLIST_FILE = YES;
				INFOPLIST_FILE = "SwiftUI-Tutorial-Image/Info.plist";
				INFOPLIST_KEY_UIApplicationSceneManifest_Generation = YES;
				INFOPLIST_KEY_UIApplicationSupportsIndirectInputEvents = YES;
				INFOPLIST_KEY_UILaunchScreen_Generation = YES;
				INFOPLIST_KEY_UISupportedInterfaceOrientations_iPad = "UIInterfaceOrientationPortrait UIInterfaceOrientationPortraitUpsideDown UIInterfaceOrientationLandscapeLeft UIInterfaceOrientationLandscapeRight";
				INFOPLIST_KEY_UISupportedInterfaceOrientations_iPhone = "UIInterfaceOrientationPortrait UIInterfaceOrientationLandscapeLeft UIInterfaceOrientationLandscapeRight";
				LD_RUNPATH_SEARCH_PATHS = (
					"$(inherited)",
					"@executable_path/Frameworks",
				);
				MARKETING_VERSION = 1.0;
				PRODUCT_BUNDLE_IDENTIFIER = "com.SamSung.SwiftUI-Tutorial-Image";
				PRODUCT_NAME = "$(TARGET_NAME)";
				SUPPORTED_PLATFORMS = "iphoneos iphonesimulator";
				SUPPORTS_MACCATALYST = NO;
				SUPPORTS_MAC_DESIGNED_FOR_IPHONE_IPAD = NO;
				SWIFT_EMIT_LOC_STRINGS = YES;
				SWIFT_VERSION = 5.0;
				TARGETED_DEVICE_FAMILY = 1;
			};
			name = Release;
		};
/* End XCBuildConfiguration section */

/* Begin XCConfigurationList section */
		DD88F6432AAEB0F400F37CD8 /* Build configuration list for PBXProject "SwiftUI-Tutorial-Image" */ = {
			isa = XCConfigurationList;
			buildConfigurations = (
				DD88F6542AAEB0F500F37CD8 /* Debug */,
				DD88F6552AAEB0F500F37CD8 /* Release */,
			);
			defaultConfigurationIsVisible = 0;
			defaultConfigurationName = Release;
		};
		DD88F6562AAEB0F500F37CD8 /* Build configuration list for PBXNativeTarget "SwiftUI-Tutorial-Image" */ = {
			isa = XCConfigurationList;
			buildConfigurations = (
				DD88F6572AAEB0F500F37CD8 /* Debug */,
				DD88F6582AAEB0F500F37CD8 /* Release */,
			);
			defaultConfigurationIsVisible = 0;
			defaultConfigurationName = Release;
		};
/* End XCConfigurationList section */
	};
	rootObject = DD88F6402AAEB0F400F37CD8 /* Project object */;
}
